// !$*UTF8*$!
{
	archiveVersion = 1;
	classes = {
	};
	objectVersion = 56;
	objects = {

/* Begin PBXBuildFile section */
		7709F4122A13AAA300A92FCA /* DebateKeeperApp.swift in Sources */ = {isa = PBXBuildFile; fileRef = 7709F4112A13AAA300A92FCA /* DebateKeeperApp.swift */; };
		7709F4142A13AAA300A92FCA /* ContentView.swift in Sources */ = {isa = PBXBuildFile; fileRef = 7709F4132A13AAA300A92FCA /* ContentView.swift */; };
		7709F4162A13AAA500A92FCA /* Assets.xcassets in Resources */ = {isa = PBXBuildFile; fileRef = 7709F4152A13AAA500A92FCA /* Assets.xcassets */; };
		7709F4192A13AAA500A92FCA /* Preview Assets.xcassets in Resources */ = {isa = PBXBuildFile; fileRef = 7709F4182A13AAA500A92FCA /* Preview Assets.xcassets */; };
		7709F41B2A13AAA500A92FCA /* Persistence.swift in Sources */ = {isa = PBXBuildFile; fileRef = 7709F41A2A13AAA500A92FCA /* Persistence.swift */; };
		7709F41E2A13AAA500A92FCA /* DebateKeeper.xcdatamodeld in Sources */ = {isa = PBXBuildFile; fileRef = 7709F41C2A13AAA500A92FCA /* DebateKeeper.xcdatamodeld */; };
		7709F4282A13AAA500A92FCA /* DebateKeeperTests.swift in Sources */ = {isa = PBXBuildFile; fileRef = 7709F4272A13AAA500A92FCA /* DebateKeeperTests.swift */; };
		7709F4322A13AAA500A92FCA /* DebateKeeperUITests.swift in Sources */ = {isa = PBXBuildFile; fileRef = 7709F4312A13AAA500A92FCA /* DebateKeeperUITests.swift */; };
		7709F4342A13AAA500A92FCA /* DebateKeeperUITestsLaunchTests.swift in Sources */ = {isa = PBXBuildFile; fileRef = 7709F4332A13AAA500A92FCA /* DebateKeeperUITestsLaunchTests.swift */; };
/* End PBXBuildFile section */

/* Begin PBXContainerItemProxy section */
		7709F4242A13AAA500A92FCA /* PBXContainerItemProxy */ = {
			isa = PBXContainerItemProxy;
			containerPortal = 7709F4062A13AAA300A92FCA /* Project object */;
			proxyType = 1;
			remoteGlobalIDString = 7709F40D2A13AAA300A92FCA;
			remoteInfo = DebateKeeper;
		};
		7709F42E2A13AAA500A92FCA /* PBXContainerItemProxy */ = {
			isa = PBXContainerItemProxy;
			containerPortal = 7709F4062A13AAA300A92FCA /* Project object */;
			proxyType = 1;
			remoteGlobalIDString = 7709F40D2A13AAA300A92FCA;
			remoteInfo = DebateKeeper;
		};
/* End PBXContainerItemProxy section */

/* Begin PBXFileReference section */
		7709F40E2A13AAA300A92FCA /* DebateKeeper.app */ = {isa = PBXFileReference; explicitFileType = wrapper.application; includeInIndex = 0; path = DebateKeeper.app; sourceTree = BUILT_PRODUCTS_DIR; };
		7709F4112A13AAA300A92FCA /* DebateKeeperApp.swift */ = {isa = PBXFileReference; lastKnownFileType = sourcecode.swift; path = DebateKeeperApp.swift; sourceTree = "<group>"; };
		7709F4132A13AAA300A92FCA /* ContentView.swift */ = {isa = PBXFileReference; lastKnownFileType = sourcecode.swift; path = ContentView.swift; sourceTree = "<group>"; };
		7709F4152A13AAA500A92FCA /* Assets.xcassets */ = {isa = PBXFileReference; lastKnownFileType = folder.assetcatalog; path = Assets.xcassets; sourceTree = "<group>"; };
		7709F4182A13AAA500A92FCA /* Preview Assets.xcassets */ = {isa = PBXFileReference; lastKnownFileType = folder.assetcatalog; path = "Preview Assets.xcassets"; sourceTree = "<group>"; };
		7709F41A2A13AAA500A92FCA /* Persistence.swift */ = {isa = PBXFileReference; lastKnownFileType = sourcecode.swift; path = Persistence.swift; sourceTree = "<group>"; };
		7709F41D2A13AAA500A92FCA /* DebateKeeper.xcdatamodel */ = {isa = PBXFileReference; lastKnownFileType = wrapper.xcdatamodel; path = DebateKeeper.xcdatamodel; sourceTree = "<group>"; };
		7709F4232A13AAA500A92FCA /* DebateKeeperTests.xctest */ = {isa = PBXFileReference; explicitFileType = wrapper.cfbundle; includeInIndex = 0; path = DebateKeeperTests.xctest; sourceTree = BUILT_PRODUCTS_DIR; };
		7709F4272A13AAA500A92FCA /* DebateKeeperTests.swift */ = {isa = PBXFileReference; lastKnownFileType = sourcecode.swift; path = DebateKeeperTests.swift; sourceTree = "<group>"; };
		7709F42D2A13AAA500A92FCA /* DebateKeeperUITests.xctest */ = {isa = PBXFileReference; explicitFileType = wrapper.cfbundle; includeInIndex = 0; path = DebateKeeperUITests.xctest; sourceTree = BUILT_PRODUCTS_DIR; };
		7709F4312A13AAA500A92FCA /* DebateKeeperUITests.swift */ = {isa = PBXFileReference; lastKnownFileType = sourcecode.swift; path = DebateKeeperUITests.swift; sourceTree = "<group>"; };
		7709F4332A13AAA500A92FCA /* DebateKeeperUITestsLaunchTests.swift */ = {isa = PBXFileReference; lastKnownFileType = sourcecode.swift; path = DebateKeeperUITestsLaunchTests.swift; sourceTree = "<group>"; };
/* End PBXFileReference section */

/* Begin PBXFrameworksBuildPhase section */
		7709F40B2A13AAA300A92FCA /* Frameworks */ = {
			isa = PBXFrameworksBuildPhase;
			buildActionMask = 2147483647;
			files = (
			);
			runOnlyForDeploymentPostprocessing = 0;
		};
		7709F4202A13AAA500A92FCA /* Frameworks */ = {
			isa = PBXFrameworksBuildPhase;
			buildActionMask = 2147483647;
			files = (
			);
			runOnlyForDeploymentPostprocessing = 0;
		};
		7709F42A2A13AAA500A92FCA /* Frameworks */ = {
			isa = PBXFrameworksBuildPhase;
			buildActionMask = 2147483647;
			files = (
			);
			runOnlyForDeploymentPostprocessing = 0;
		};
/* End PBXFrameworksBuildPhase section */

/* Begin PBXGroup section */
		7709F4052A13AAA300A92FCA = {
			isa = PBXGroup;
			children = (
				7709F4102A13AAA300A92FCA /* DebateKeeper */,
				7709F4262A13AAA500A92FCA /* DebateKeeperTests */,
				7709F4302A13AAA500A92FCA /* DebateKeeperUITests */,
				7709F40F2A13AAA300A92FCA /* Products */,
			);
			sourceTree = "<group>";
		};
		7709F40F2A13AAA300A92FCA /* Products */ = {
			isa = PBXGroup;
			children = (
				7709F40E2A13AAA300A92FCA /* DebateKeeper.app */,
				7709F4232A13AAA500A92FCA /* DebateKeeperTests.xctest */,
				7709F42D2A13AAA500A92FCA /* DebateKeeperUITests.xctest */,
			);
			name = Products;
			sourceTree = "<group>";
		};
		7709F4102A13AAA300A92FCA /* DebateKeeper */ = {
			isa = PBXGroup;
			children = (
				7709F4112A13AAA300A92FCA /* DebateKeeperApp.swift */,
				7709F4132A13AAA300A92FCA /* ContentView.swift */,
				7709F4152A13AAA500A92FCA /* Assets.xcassets */,
				7709F41A2A13AAA500A92FCA /* Persistence.swift */,
				7709F41C2A13AAA500A92FCA /* DebateKeeper.xcdatamodeld */,
				7709F4172A13AAA500A92FCA /* Preview Content */,
			);
			path = DebateKeeper;
			sourceTree = "<group>";
		};
		7709F4172A13AAA500A92FCA /* Preview Content */ = {
			isa = PBXGroup;
			children = (
				7709F4182A13AAA500A92FCA /* Preview Assets.xcassets */,
			);
			path = "Preview Content";
			sourceTree = "<group>";
		};
		7709F4262A13AAA500A92FCA /* DebateKeeperTests */ = {
			isa = PBXGroup;
			children = (
				7709F4272A13AAA500A92FCA /* DebateKeeperTests.swift */,
			);
			path = DebateKeeperTests;
			sourceTree = "<group>";
		};
		7709F4302A13AAA500A92FCA /* DebateKeeperUITests */ = {
			isa = PBXGroup;
			children = (
				7709F4312A13AAA500A92FCA /* DebateKeeperUITests.swift */,
				7709F4332A13AAA500A92FCA /* DebateKeeperUITestsLaunchTests.swift */,
			);
			path = DebateKeeperUITests;
			sourceTree = "<group>";
		};
/* End PBXGroup section */

/* Begin PBXNativeTarget section */
		7709F40D2A13AAA300A92FCA /* DebateKeeper */ = {
			isa = PBXNativeTarget;
			buildConfigurationList = 7709F4372A13AAA500A92FCA /* Build configuration list for PBXNativeTarget "DebateKeeper" */;
			buildPhases = (
				7709F40A2A13AAA300A92FCA /* Sources */,
				7709F40B2A13AAA300A92FCA /* Frameworks */,
				7709F40C2A13AAA300A92FCA /* Resources */,
			);
			buildRules = (
			);
			dependencies = (
			);
			name = DebateKeeper;
			productName = DebateKeeper;
			productReference = 7709F40E2A13AAA300A92FCA /* DebateKeeper.app */;
			productType = "com.apple.product-type.application";
		};
		7709F4222A13AAA500A92FCA /* DebateKeeperTests */ = {
			isa = PBXNativeTarget;
			buildConfigurationList = 7709F43A2A13AAA500A92FCA /* Build configuration list for PBXNativeTarget "DebateKeeperTests" */;
			buildPhases = (
				7709F41F2A13AAA500A92FCA /* Sources */,
				7709F4202A13AAA500A92FCA /* Frameworks */,
				7709F4212A13AAA500A92FCA /* Resources */,
			);
			buildRules = (
			);
			dependencies = (
				7709F4252A13AAA500A92FCA /* PBXTargetDependency */,
			);
			name = DebateKeeperTests;
			productName = DebateKeeperTests;
			productReference = 7709F4232A13AAA500A92FCA /* DebateKeeperTests.xctest */;
			productType = "com.apple.product-type.bundle.unit-test";
		};
		7709F42C2A13AAA500A92FCA /* DebateKeeperUITests */ = {
			isa = PBXNativeTarget;
			buildConfigurationList = 7709F43D2A13AAA500A92FCA /* Build configuration list for PBXNativeTarget "DebateKeeperUITests" */;
			buildPhases = (
				7709F4292A13AAA500A92FCA /* Sources */,
				7709F42A2A13AAA500A92FCA /* Frameworks */,
				7709F42B2A13AAA500A92FCA /* Resources */,
			);
			buildRules = (
			);
			dependencies = (
				7709F42F2A13AAA500A92FCA /* PBXTargetDependency */,
			);
			name = DebateKeeperUITests;
			productName = DebateKeeperUITests;
			productReference = 7709F42D2A13AAA500A92FCA /* DebateKeeperUITests.xctest */;
			productType = "com.apple.product-type.bundle.ui-testing";
		};
/* End PBXNativeTarget section */

/* Begin PBXProject section */
		7709F4062A13AAA300A92FCA /* Project object */ = {
			isa = PBXProject;
			attributes = {
				BuildIndependentTargetsInParallel = 1;
				LastSwiftUpdateCheck = 1430;
				LastUpgradeCheck = 1430;
				TargetAttributes = {
					7709F40D2A13AAA300A92FCA = {
						CreatedOnToolsVersion = 14.3;
					};
					7709F4222A13AAA500A92FCA = {
						CreatedOnToolsVersion = 14.3;
						TestTargetID = 7709F40D2A13AAA300A92FCA;
					};
					7709F42C2A13AAA500A92FCA = {
						CreatedOnToolsVersion = 14.3;
						TestTargetID = 7709F40D2A13AAA300A92FCA;
					};
				};
			};
			buildConfigurationList = 7709F4092A13AAA300A92FCA /* Build configuration list for PBXProject "DebateKeeper" */;
			compatibilityVersion = "Xcode 14.0";
			developmentRegion = en;
			hasScannedForEncodings = 0;
			knownRegions = (
				en,
				Base,
			);
			mainGroup = 7709F4052A13AAA300A92FCA;
			productRefGroup = 7709F40F2A13AAA300A92FCA /* Products */;
			projectDirPath = "";
			projectRoot = "";
			targets = (
				7709F40D2A13AAA300A92FCA /* DebateKeeper */,
				7709F4222A13AAA500A92FCA /* DebateKeeperTests */,
				7709F42C2A13AAA500A92FCA /* DebateKeeperUITests */,
			);
		};
/* End PBXProject section */

/* Begin PBXResourcesBuildPhase section */
		7709F40C2A13AAA300A92FCA /* Resources */ = {
			isa = PBXResourcesBuildPhase;
			buildActionMask = 2147483647;
			files = (
				7709F4192A13AAA500A92FCA /* Preview Assets.xcassets in Resources */,
				7709F4162A13AAA500A92FCA /* Assets.xcassets in Resources */,
			);
			runOnlyForDeploymentPostprocessing = 0;
		};
		7709F4212A13AAA500A92FCA /* Resources */ = {
			isa = PBXResourcesBuildPhase;
			buildActionMask = 2147483647;
			files = (
			);
			runOnlyForDeploymentPostprocessing = 0;
		};
		7709F42B2A13AAA500A92FCA /* Resources */ = {
			isa = PBXResourcesBuildPhase;
			buildActionMask = 2147483647;
			files = (
			);
			runOnlyForDeploymentPostprocessing = 0;
		};
/* End PBXResourcesBuildPhase section */

/* Begin PBXSourcesBuildPhase section */
		7709F40A2A13AAA300A92FCA /* Sources */ = {
			isa = PBXSourcesBuildPhase;
			buildActionMask = 2147483647;
			files = (
				7709F41B2A13AAA500A92FCA /* Persistence.swift in Sources */,
				7709F4142A13AAA300A92FCA /* ContentView.swift in Sources */,
				7709F41E2A13AAA500A92FCA /* DebateKeeper.xcdatamodeld in Sources */,
				7709F4122A13AAA300A92FCA /* DebateKeeperApp.swift in Sources */,
			);
			runOnlyForDeploymentPostprocessing = 0;
		};
		7709F41F2A13AAA500A92FCA /* Sources */ = {
			isa = PBXSourcesBuildPhase;
			buildActionMask = 2147483647;
			files = (
				7709F4282A13AAA500A92FCA /* DebateKeeperTests.swift in Sources */,
			);
			runOnlyForDeploymentPostprocessing = 0;
		};
		7709F4292A13AAA500A92FCA /* Sources */ = {
			isa = PBXSourcesBuildPhase;
			buildActionMask = 2147483647;
			files = (
				7709F4322A13AAA500A92FCA /* DebateKeeperUITests.swift in Sources */,
				7709F4342A13AAA500A92FCA /* DebateKeeperUITestsLaunchTests.swift in Sources */,
			);
			runOnlyForDeploymentPostprocessing = 0;
		};
/* End PBXSourcesBuildPhase section */

/* Begin PBXTargetDependency section */
		7709F4252A13AAA500A92FCA /* PBXTargetDependency */ = {
			isa = PBXTargetDependency;
			target = 7709F40D2A13AAA300A92FCA /* DebateKeeper */;
			targetProxy = 7709F4242A13AAA500A92FCA /* PBXContainerItemProxy */;
		};
		7709F42F2A13AAA500A92FCA /* PBXTargetDependency */ = {
			isa = PBXTargetDependency;
			target = 7709F40D2A13AAA300A92FCA /* DebateKeeper */;
			targetProxy = 7709F42E2A13AAA500A92FCA /* PBXContainerItemProxy */;
		};
/* End PBXTargetDependency section */

/* Begin XCBuildConfiguration section */
		7709F4352A13AAA500A92FCA /* Debug */ = {
			isa = XCBuildConfiguration;
			buildSettings = {
				ALWAYS_SEARCH_USER_PATHS = NO;
				CLANG_ANALYZER_NONNULL = YES;
				CLANG_ANALYZER_NUMBER_OBJECT_CONVERSION = YES_AGGRESSIVE;
				CLANG_CXX_LANGUAGE_STANDARD = "gnu++20";
				CLANG_ENABLE_MODULES = YES;
				CLANG_ENABLE_OBJC_ARC = YES;
				CLANG_ENABLE_OBJC_WEAK = YES;
				CLANG_WARN_BLOCK_CAPTURE_AUTORELEASING = YES;
				CLANG_WARN_BOOL_CONVERSION = YES;
				CLANG_WARN_COMMA = YES;
				CLANG_WARN_CONSTANT_CONVERSION = YES;
				CLANG_WARN_DEPRECATED_OBJC_IMPLEMENTATIONS = YES;
				CLANG_WARN_DIRECT_OBJC_ISA_USAGE = YES_ERROR;
				CLANG_WARN_DOCUMENTATION_COMMENTS = YES;
				CLANG_WARN_EMPTY_BODY = YES;
				CLANG_WARN_ENUM_CONVERSION = YES;
				CLANG_WARN_INFINITE_RECURSION = YES;
				CLANG_WARN_INT_CONVERSION = YES;
				CLANG_WARN_NON_LITERAL_NULL_CONVERSION = YES;
				CLANG_WARN_OBJC_IMPLICIT_RETAIN_SELF = YES;
				CLANG_WARN_OBJC_LITERAL_CONVERSION = YES;
				CLANG_WARN_OBJC_ROOT_CLASS = YES_ERROR;
				CLANG_WARN_QUOTED_INCLUDE_IN_FRAMEWORK_HEADER = YES;
				CLANG_WARN_RANGE_LOOP_ANALYSIS = YES;
				CLANG_WARN_STRICT_PROTOTYPES = YES;
				CLANG_WARN_SUSPICIOUS_MOVE = YES;
				CLANG_WARN_UNGUARDED_AVAILABILITY = YES_AGGRESSIVE;
				CLANG_WARN_UNREACHABLE_CODE = YES;
				CLANG_WARN__DUPLICATE_METHOD_MATCH = YES;
				COPY_PHASE_STRIP = NO;
				DEBUG_INFORMATION_FORMAT = dwarf;
				ENABLE_STRICT_OBJC_MSGSEND = YES;
				ENABLE_TESTABILITY = YES;
				GCC_C_LANGUAGE_STANDARD = gnu11;
				GCC_DYNAMIC_NO_PIC = NO;
				GCC_NO_COMMON_BLOCKS = YES;
				GCC_OPTIMIZATION_LEVEL = 0;
				GCC_PREPROCESSOR_DEFINITIONS = (
					"DEBUG=1",
					"$(inherited)",
				);
				GCC_WARN_64_TO_32_BIT_CONVERSION = YES;
				GCC_WARN_ABOUT_RETURN_TYPE = YES_ERROR;
				GCC_WARN_UNDECLARED_SELECTOR = YES;
				GCC_WARN_UNINITIALIZED_AUTOS = YES_AGGRESSIVE;
				GCC_WARN_UNUSED_FUNCTION = YES;
				GCC_WARN_UNUSED_VARIABLE = YES;
				IPHONEOS_DEPLOYMENT_TARGET = 16.4;
				MTL_ENABLE_DEBUG_INFO = INCLUDE_SOURCE;
				MTL_FAST_MATH = YES;
				ONLY_ACTIVE_ARCH = YES;
				SDKROOT = iphoneos;
				SWIFT_ACTIVE_COMPILATION_CONDITIONS = DEBUG;
				SWIFT_OPTIMIZATION_LEVEL = "-Onone";
			};
			name = Debug;
		};
		7709F4362A13AAA500A92FCA /* Release */ = {
			isa = XCBuildConfiguration;
			buildSettings = {
				ALWAYS_SEARCH_USER_PATHS = NO;
				CLANG_ANALYZER_NONNULL = YES;
				CLANG_ANALYZER_NUMBER_OBJECT_CONVERSION = YES_AGGRESSIVE;
				CLANG_CXX_LANGUAGE_STANDARD = "gnu++20";
				CLANG_ENABLE_MODULES = YES;
				CLANG_ENABLE_OBJC_ARC = YES;
				CLANG_ENABLE_OBJC_WEAK = YES;
				CLANG_WARN_BLOCK_CAPTURE_AUTORELEASING = YES;
				CLANG_WARN_BOOL_CONVERSION = YES;
				CLANG_WARN_COMMA = YES;
				CLANG_WARN_CONSTANT_CONVERSION = YES;
				CLANG_WARN_DEPRECATED_OBJC_IMPLEMENTATIONS = YES;
				CLANG_WARN_DIRECT_OBJC_ISA_USAGE = YES_ERROR;
				CLANG_WARN_DOCUMENTATION_COMMENTS = YES;
				CLANG_WARN_EMPTY_BODY = YES;
				CLANG_WARN_ENUM_CONVERSION = YES;
				CLANG_WARN_INFINITE_RECURSION = YES;
				CLANG_WARN_INT_CONVERSION = YES;
				CLANG_WARN_NON_LITERAL_NULL_CONVERSION = YES;
				CLANG_WARN_OBJC_IMPLICIT_RETAIN_SELF = YES;
				CLANG_WARN_OBJC_LITERAL_CONVERSION = YES;
				CLANG_WARN_OBJC_ROOT_CLASS = YES_ERROR;
				CLANG_WARN_QUOTED_INCLUDE_IN_FRAMEWORK_HEADER = YES;
				CLANG_WARN_RANGE_LOOP_ANALYSIS = YES;
				CLANG_WARN_STRICT_PROTOTYPES = YES;
				CLANG_WARN_SUSPICIOUS_MOVE = YES;
				CLANG_WARN_UNGUARDED_AVAILABILITY = YES_AGGRESSIVE;
				CLANG_WARN_UNREACHABLE_CODE = YES;
				CLANG_WARN__DUPLICATE_METHOD_MATCH = YES;
				COPY_PHASE_STRIP = NO;
				DEBUG_INFORMATION_FORMAT = "dwarf-with-dsym";
				ENABLE_NS_ASSERTIONS = NO;
				ENABLE_STRICT_OBJC_MSGSEND = YES;
				GCC_C_LANGUAGE_STANDARD = gnu11;
				GCC_NO_COMMON_BLOCKS = YES;
				GCC_WARN_64_TO_32_BIT_CONVERSION = YES;
				GCC_WARN_ABOUT_RETURN_TYPE = YES_ERROR;
				GCC_WARN_UNDECLARED_SELECTOR = YES;
				GCC_WARN_UNINITIALIZED_AUTOS = YES_AGGRESSIVE;
				GCC_WARN_UNUSED_FUNCTION = YES;
				GCC_WARN_UNUSED_VARIABLE = YES;
				IPHONEOS_DEPLOYMENT_TARGET = 16.4;
				MTL_ENABLE_DEBUG_INFO = NO;
				MTL_FAST_MATH = YES;
				SDKROOT = iphoneos;
				SWIFT_COMPILATION_MODE = wholemodule;
				SWIFT_OPTIMIZATION_LEVEL = "-O";
				VALIDATE_PRODUCT = YES;
			};
			name = Release;
		};
		7709F4382A13AAA500A92FCA /* Debug */ = {
			isa = XCBuildConfiguration;
			buildSettings = {
				ASSETCATALOG_COMPILER_APPICON_NAME = AppIcon;
				ASSETCATALOG_COMPILER_GLOBAL_ACCENT_COLOR_NAME = AccentColor;
				CODE_SIGN_STYLE = Automatic;
				CURRENT_PROJECT_VERSION = 1;
				DEVELOPMENT_ASSET_PATHS = "\"DebateKeeper/Preview Content\"";
				DEVELOPMENT_TEAM = 682NWXVT93;
				ENABLE_PREVIEWS = YES;
				GENERATE_INFOPLIST_FILE = YES;
				INFOPLIST_KEY_LSApplicationCategoryType = "public.app-category.productivity";
				INFOPLIST_KEY_UIApplicationSceneManifest_Generation = YES;
				INFOPLIST_KEY_UIApplicationSupportsIndirectInputEvents = YES;
				INFOPLIST_KEY_UILaunchScreen_Generation = YES;
				INFOPLIST_KEY_UISupportedInterfaceOrientations_iPad = "UIInterfaceOrientationPortrait UIInterfaceOrientationPortraitUpsideDown UIInterfaceOrientationLandscapeLeft UIInterfaceOrientationLandscapeRight";
				INFOPLIST_KEY_UISupportedInterfaceOrientations_iPhone = "UIInterfaceOrientationPortrait UIInterfaceOrientationLandscapeLeft UIInterfaceOrientationLandscapeRight";
				IPHONEOS_DEPLOYMENT_TARGET = 15.0;
				LD_RUNPATH_SEARCH_PATHS = (
					"$(inherited)",
					"@executable_path/Frameworks",
				);
				MARKETING_VERSION = 1.0;
				PRODUCT_BUNDLE_IDENTIFIER = dev.paulwinkler.DebateKeeper;
				PRODUCT_NAME = "$(TARGET_NAME)";
				SWIFT_EMIT_LOC_STRINGS = YES;
				SWIFT_VERSION = 5.0;
				TARGETED_DEVICE_FAMILY = "1,2";
			};
			name = Debug;
		};
		7709F4392A13AAA500A92FCA /* Release */ = {
			isa = XCBuildConfiguration;
			buildSettings = {
				ASSETCATALOG_COMPILER_APPICON_NAME = AppIcon;
				ASSETCATALOG_COMPILER_GLOBAL_ACCENT_COLOR_NAME = AccentColor;
				CODE_SIGN_STYLE = Automatic;
				CURRENT_PROJECT_VERSION = 1;
				DEVELOPMENT_ASSET_PATHS = "\"DebateKeeper/Preview Content\"";
				DEVELOPMENT_TEAM = 682NWXVT93;
				ENABLE_PREVIEWS = YES;
				GENERATE_INFOPLIST_FILE = YES;
				INFOPLIST_KEY_LSApplicationCategoryType = "public.app-category.productivity";
				INFOPLIST_KEY_UIApplicationSceneManifest_Generation = YES;
				INFOPLIST_KEY_UIApplicationSupportsIndirectInputEvents = YES;
				INFOPLIST_KEY_UILaunchScreen_Generation = YES;
				INFOPLIST_KEY_UISupportedInterfaceOrientations_iPad = "UIInterfaceOrientationPortrait UIInterfaceOrientationPortraitUpsideDown UIInterfaceOrientationLandscapeLeft UIInterfaceOrientationLandscapeRight";
				INFOPLIST_KEY_UISupportedInterfaceOrientations_iPhone = "UIInterfaceOrientationPortrait UIInterfaceOrientationLandscapeLeft UIInterfaceOrientationLandscapeRight";
				IPHONEOS_DEPLOYMENT_TARGET = 15.0;
				LD_RUNPATH_SEARCH_PATHS = (
					"$(inherited)",
					"@executable_path/Frameworks",
				);
				MARKETING_VERSION = 1.0;
				PRODUCT_BUNDLE_IDENTIFIER = dev.paulwinkler.DebateKeeper;
				PRODUCT_NAME = "$(TARGET_NAME)";
				SWIFT_EMIT_LOC_STRINGS = YES;
				SWIFT_VERSION = 5.0;
				TARGETED_DEVICE_FAMILY = "1,2";
			};
			name = Release;
		};
		7709F43B2A13AAA500A92FCA /* Debug */ = {
			isa = XCBuildConfiguration;
			buildSettings = {
				ALWAYS_EMBED_SWIFT_STANDARD_LIBRARIES = YES;
				BUNDLE_LOADER = "$(TEST_HOST)";
				CODE_SIGN_STYLE = Automatic;
				CURRENT_PROJECT_VERSION = 1;
				DEVELOPMENT_TEAM = 682NWXVT93;
				GENERATE_INFOPLIST_FILE = YES;
				IPHONEOS_DEPLOYMENT_TARGET = 16.4;
				MARKETING_VERSION = 1.0;
				PRODUCT_BUNDLE_IDENTIFIER = dev.paulwinkler.DebateKeeperTests;
				PRODUCT_NAME = "$(TARGET_NAME)";
				SWIFT_EMIT_LOC_STRINGS = NO;
				SWIFT_VERSION = 5.0;
				TARGETED_DEVICE_FAMILY = "1,2";
				TEST_HOST = "$(BUILT_PRODUCTS_DIR)/DebateKeeper.app/$(BUNDLE_EXECUTABLE_FOLDER_PATH)/DebateKeeper";
			};
			name = Debug;
		};
		7709F43C2A13AAA500A92FCA /* Release */ = {
			isa = XCBuildConfiguration;
			buildSettings = {
				ALWAYS_EMBED_SWIFT_STANDARD_LIBRARIES = YES;
				BUNDLE_LOADER = "$(TEST_HOST)";
				CODE_SIGN_STYLE = Automatic;
				CURRENT_PROJECT_VERSION = 1;
				DEVELOPMENT_TEAM = 682NWXVT93;
				GENERATE_INFOPLIST_FILE = YES;
				IPHONEOS_DEPLOYMENT_TARGET = 16.4;
				MARKETING_VERSION = 1.0;
				PRODUCT_BUNDLE_IDENTIFIER = dev.paulwinkler.DebateKeeperTests;
				PRODUCT_NAME = "$(TARGET_NAME)";
				SWIFT_EMIT_LOC_STRINGS = NO;
				SWIFT_VERSION = 5.0;
				TARGETED_DEVICE_FAMILY = "1,2";
				TEST_HOST = "$(BUILT_PRODUCTS_DIR)/DebateKeeper.app/$(BUNDLE_EXECUTABLE_FOLDER_PATH)/DebateKeeper";
			};
			name = Release;
		};
		7709F43E2A13AAA500A92FCA /* Debug */ = {
			isa = XCBuildConfiguration;
			buildSettings = {
				ALWAYS_EMBED_SWIFT_STANDARD_LIBRARIES = YES;
				CODE_SIGN_STYLE = Automatic;
				CURRENT_PROJECT_VERSION = 1;
				DEVELOPMENT_TEAM = 682NWXVT93;
				GENERATE_INFOPLIST_FILE = YES;
				MARKETING_VERSION = 1.0;
				PRODUCT_BUNDLE_IDENTIFIER = dev.paulwinkler.DebateKeeperUITests;
				PRODUCT_NAME = "$(TARGET_NAME)";
				SWIFT_EMIT_LOC_STRINGS = NO;
				SWIFT_VERSION = 5.0;
				TARGETED_DEVICE_FAMILY = "1,2";
				TEST_TARGET_NAME = DebateKeeper;
			};
			name = Debug;
		};
		7709F43F2A13AAA500A92FCA /* Release */ = {
			isa = XCBuildConfiguration;
			buildSettings = {
				ALWAYS_EMBED_SWIFT_STANDARD_LIBRARIES = YES;
				CODE_SIGN_STYLE = Automatic;
				CURRENT_PROJECT_VERSION = 1;
				DEVELOPMENT_TEAM = 682NWXVT93;
				GENERATE_INFOPLIST_FILE = YES;
				MARKETING_VERSION = 1.0;
				PRODUCT_BUNDLE_IDENTIFIER = dev.paulwinkler.DebateKeeperUITests;
				PRODUCT_NAME = "$(TARGET_NAME)";
				SWIFT_EMIT_LOC_STRINGS = NO;
				SWIFT_VERSION = 5.0;
				TARGETED_DEVICE_FAMILY = "1,2";
				TEST_TARGET_NAME = DebateKeeper;
			};
			name = Release;
		};
/* End XCBuildConfiguration section */

/* Begin XCConfigurationList section */
		7709F4092A13AAA300A92FCA /* Build configuration list for PBXProject "DebateKeeper" */ = {
			isa = XCConfigurationList;
			buildConfigurations = (
				7709F4352A13AAA500A92FCA /* Debug */,
				7709F4362A13AAA500A92FCA /* Release */,
			);
			defaultConfigurationIsVisible = 0;
			defaultConfigurationName = Release;
		};
		7709F4372A13AAA500A92FCA /* Build configuration list for PBXNativeTarget "DebateKeeper" */ = {
			isa = XCConfigurationList;
			buildConfigurations = (
				7709F4382A13AAA500A92FCA /* Debug */,
				7709F4392A13AAA500A92FCA /* Release */,
			);
			defaultConfigurationIsVisible = 0;
			defaultConfigurationName = Release;
		};
		7709F43A2A13AAA500A92FCA /* Build configuration list for PBXNativeTarget "DebateKeeperTests" */ = {
			isa = XCConfigurationList;
			buildConfigurations = (
				7709F43B2A13AAA500A92FCA /* Debug */,
				7709F43C2A13AAA500A92FCA /* Release */,
			);
			defaultConfigurationIsVisible = 0;
			defaultConfigurationName = Release;
		};
		7709F43D2A13AAA500A92FCA /* Build configuration list for PBXNativeTarget "DebateKeeperUITests" */ = {
			isa = XCConfigurationList;
			buildConfigurations = (
				7709F43E2A13AAA500A92FCA /* Debug */,
				7709F43F2A13AAA500A92FCA /* Release */,
			);
			defaultConfigurationIsVisible = 0;
			defaultConfigurationName = Release;
		};
/* End XCConfigurationList section */

/* Begin XCVersionGroup section */
		7709F41C2A13AAA500A92FCA /* DebateKeeper.xcdatamodeld */ = {
			isa = XCVersionGroup;
			children = (
				7709F41D2A13AAA500A92FCA /* DebateKeeper.xcdatamodel */,
			);
			currentVersion = 7709F41D2A13AAA500A92FCA /* DebateKeeper.xcdatamodel */;
			path = DebateKeeper.xcdatamodeld;
			sourceTree = "<group>";
			versionGroupType = wrapper.xcdatamodel;
		};
/* End XCVersionGroup section */
	};
	rootObject = 7709F4062A13AAA300A92FCA /* Project object */;
}
